
Microsoft Visual Studio Solution File, Format Version 12.00
# Visual Studio Version 17
VisualStudioVersion = 17.9.34728.123
MinimumVisualStudioVersion = 10.0.40219.1
Project("{FAE04EC0-301F-11D3-BF4B-00C04F79EFBC}") = "StudentManagementSystem", "StudentManagementSystem.csproj", "{684479B9-3F9E-45EB-AB07-4AF404328D19}"
EndProject
Project("{FAE04EC0-301F-11D3-BF4B-00C04F79EFBC}") = "StudentApi", "..\StudentApi\StudentApi.csproj", "{D9BD7822-3460-4798-9D67-9AEB6B4E2CDC}"
EndProject
Global
	GlobalSection(SolutionConfigurationPlatforms) = preSolution
		Debug|Any CPU = Debug|Any CPU
		Release|Any CPU = Release|Any CPU
	EndGlobalSection
	GlobalSection(ProjectConfigurationPlatforms) = postSolution
		{684479B9-3F9E-45EB-AB07-4AF404328D19}.Debug|Any CPU.ActiveCfg = Debug|Any CPU
		{684479B9-3F9E-45EB-AB07-4AF404328D19}.Debug|Any CPU.Build.0 = Debug|Any CPU
		{684479B9-3F9E-45EB-AB07-4AF404328D19}.Release|Any CPU.ActiveCfg = Release|Any CPU
		{684479B9-3F9E-45EB-AB07-4AF404328D19}.Release|Any CPU.Build.0 = Release|Any CPU
		{D9BD7822-3460-4798-9D67-9AEB6B4E2CDC}.Debug|Any CPU.ActiveCfg = Debug|Any CPU
		{D9BD7822-3460-4798-9D67-9AEB6B4E2CDC}.Debug|Any CPU.Build.0 = Debug|Any CPU
		{D9BD7822-3460-4798-9D67-9AEB6B4E2CDC}.Release|Any CPU.ActiveCfg = Release|Any CPU
		{D9BD7822-3460-4798-9D67-9AEB6B4E2CDC}.Release|Any CPU.Build.0 = Release|Any CPU
	EndGlobalSection
	GlobalSection(SolutionProperties) = preSolution
		HideSolutionNode = FALSE
	EndGlobalSection
	GlobalSection(ExtensibilityGlobals) = postSolution
		SolutionGuid = {13BA12A3-E463-48A2-B2A1-99C590CAD07C}
	EndGlobalSection
EndGlobal
